{
    "_readme": [
        "This file locks the dependencies of your project to a known state",
        "Read more about it at https://getcomposer.org/doc/01-basic-usage.md#installing-dependencies",
        "This file is @generated automatically"
    ],
    "content-hash": "94a9322bf2008cd59f76ddf8221698c0",
    "packages": [
        {
            "name": "test/lib-a",
            "version": "9600.x-dev",
            "dist": {
                "type": "path",
                "url": "../lib-a",
                "reference": "c81ada63790d4c51fbf9933fcab75ef03be89858"
            },
            "type": "library",
            "scripts": {
                "build": [
                    "date > build/build.log"
                ]
            },
            "transport-options": {
                "symlink": false,
                "relative": true
            }
        }
    ],
    "packages-dev": [],
    "aliases": [],
    "minimum-stability": "dev",
    "stability-flags": [],
    "prefer-stable": false,
    "prefer-lowest": false,
    "platform": [],
    "platform-dev": [],
    "plugin-api-version": "2.0.0"
}
